
Microsoft Visual Studio Solution File, Format Version 12.00
# Visual Studio Version 17
VisualStudioVersion = 17.12.35521.163
MinimumVisualStudioVersion = 10.0.40219.1
Project("{FAE04EC0-301F-11D3-BF4B-00C04F79EFBC}") = "Presentation.ConsoleApp", "Presentation.Console.MainApp\Presentation.ConsoleApp.csproj", "{BBC45283-824E-4B4C-AB9E-82EC09014041}"
EndProject
Project("{FAE04EC0-301F-11D3-BF4B-00C04F79EFBC}") = "Business", "Business\Business.csproj", "{75CEC999-3901-4A25-A937-FCD94FC3162F}"
EndProject
Project("{FAE04EC0-301F-11D3-BF4B-00C04F79EFBC}") = "ContactList.Tests", "ContactList.Tests\ContactList.Tests.csproj", "{180F9D45-561E-4253-8348-14830C813D2F}"
EndProject
Project("{FAE04EC0-301F-11D3-BF4B-00C04F79EFBC}") = "MauiApp1", "MauiApp1\MauiApp1.csproj", "{45D96F6D-2C0E-4509-A1B3-964478FF3BA6}"
EndProject
Global
	GlobalSection(SolutionConfigurationPlatforms) = preSolution
		Debug|Any CPU = Debug|Any CPU
		Release|Any CPU = Release|Any CPU
	EndGlobalSection
	GlobalSection(ProjectConfigurationPlatforms) = postSolution
		{BBC45283-824E-4B4C-AB9E-82EC09014041}.Debug|Any CPU.ActiveCfg = Debug|Any CPU
		{BBC45283-824E-4B4C-AB9E-82EC09014041}.Debug|Any CPU.Build.0 = Debug|Any CPU
		{BBC45283-824E-4B4C-AB9E-82EC09014041}.Release|Any CPU.ActiveCfg = Release|Any CPU
		{BBC45283-824E-4B4C-AB9E-82EC09014041}.Release|Any CPU.Build.0 = Release|Any CPU
		{75CEC999-3901-4A25-A937-FCD94FC3162F}.Debug|Any CPU.ActiveCfg = Debug|Any CPU
		{75CEC999-3901-4A25-A937-FCD94FC3162F}.Debug|Any CPU.Build.0 = Debug|Any CPU
		{75CEC999-3901-4A25-A937-FCD94FC3162F}.Release|Any CPU.ActiveCfg = Release|Any CPU
		{75CEC999-3901-4A25-A937-FCD94FC3162F}.Release|Any CPU.Build.0 = Release|Any CPU
		{180F9D45-561E-4253-8348-14830C813D2F}.Debug|Any CPU.ActiveCfg = Debug|Any CPU
		{180F9D45-561E-4253-8348-14830C813D2F}.Debug|Any CPU.Build.0 = Debug|Any CPU
		{180F9D45-561E-4253-8348-14830C813D2F}.Release|Any CPU.ActiveCfg = Release|Any CPU
		{180F9D45-561E-4253-8348-14830C813D2F}.Release|Any CPU.Build.0 = Release|Any CPU
		{45D96F6D-2C0E-4509-A1B3-964478FF3BA6}.Debug|Any CPU.ActiveCfg = Debug|Any CPU
		{45D96F6D-2C0E-4509-A1B3-964478FF3BA6}.Debug|Any CPU.Build.0 = Debug|Any CPU
		{45D96F6D-2C0E-4509-A1B3-964478FF3BA6}.Debug|Any CPU.Deploy.0 = Debug|Any CPU
		{45D96F6D-2C0E-4509-A1B3-964478FF3BA6}.Release|Any CPU.ActiveCfg = Release|Any CPU
		{45D96F6D-2C0E-4509-A1B3-964478FF3BA6}.Release|Any CPU.Build.0 = Release|Any CPU
	EndGlobalSection
	GlobalSection(SolutionProperties) = preSolution
		HideSolutionNode = FALSE
	EndGlobalSection
EndGlobal
